
Microsoft Visual Studio Solution File, Format Version 12.00
# Visual Studio Version 17
VisualStudioVersion = 17.11.35219.272
MinimumVisualStudioVersion = 10.0.40219.1
Project("{2150E333-8FDC-42A3-9474-1A3956D46DE8}") = "Domain", "Domain", "{4CC34676-B801-487B-8F74-19854FA40C45}"
EndProject
Project("{2150E333-8FDC-42A3-9474-1A3956D46DE8}") = "Infra.Bus", "Infra.Bus", "{F61BB3E3-8734-4940-AFCF-2B32A8B019F8}"
EndProject
Project("{2150E333-8FDC-42A3-9474-1A3956D46DE8}") = "Infra.IoC", "Infra.IoC", "{8BFFF7D4-BEB9-4774-8797-B80314578BF8}"
EndProject
Project("{2150E333-8FDC-42A3-9474-1A3956D46DE8}") = "Microservices", "Microservices", "{BF9C845F-F253-404D-8216-F251967C8727}"
EndProject
Project("{2150E333-8FDC-42A3-9474-1A3956D46DE8}") = "Presentation", "Presentation", "{7BFB90C4-9BAD-4105-9EC1-05F808323ED1}"
EndProject
Project("{FAE04EC0-301F-11D3-BF4B-00C04F79EFBC}") = "MicroRabbit.Domain.Core", "MicroRabbit.Domain.Core\MicroRabbit.Domain.Core.csproj", "{3D36C4EC-2265-4798-8CE8-65A39D2BCFDC}"
EndProject
Project("{FAE04EC0-301F-11D3-BF4B-00C04F79EFBC}") = "MicroRabbit.Infra.Bus", "MicroRabbit.Infra.Bus\MicroRabbit.Infra.Bus.csproj", "{E12C194B-4787-47A0-BAD8-AFA49A560AB2}"
EndProject
Global
	GlobalSection(SolutionConfigurationPlatforms) = preSolution
		Debug|Any CPU = Debug|Any CPU
		Release|Any CPU = Release|Any CPU
	EndGlobalSection
	GlobalSection(ProjectConfigurationPlatforms) = postSolution
		{3D36C4EC-2265-4798-8CE8-65A39D2BCFDC}.Debug|Any CPU.ActiveCfg = Debug|Any CPU
		{3D36C4EC-2265-4798-8CE8-65A39D2BCFDC}.Debug|Any CPU.Build.0 = Debug|Any CPU
		{3D36C4EC-2265-4798-8CE8-65A39D2BCFDC}.Release|Any CPU.ActiveCfg = Release|Any CPU
		{3D36C4EC-2265-4798-8CE8-65A39D2BCFDC}.Release|Any CPU.Build.0 = Release|Any CPU
		{E12C194B-4787-47A0-BAD8-AFA49A560AB2}.Debug|Any CPU.ActiveCfg = Debug|Any CPU
		{E12C194B-4787-47A0-BAD8-AFA49A560AB2}.Debug|Any CPU.Build.0 = Debug|Any CPU
		{E12C194B-4787-47A0-BAD8-AFA49A560AB2}.Release|Any CPU.ActiveCfg = Release|Any CPU
		{E12C194B-4787-47A0-BAD8-AFA49A560AB2}.Release|Any CPU.Build.0 = Release|Any CPU
	EndGlobalSection
	GlobalSection(SolutionProperties) = preSolution
		HideSolutionNode = FALSE
	EndGlobalSection
	GlobalSection(NestedProjects) = preSolution
		{3D36C4EC-2265-4798-8CE8-65A39D2BCFDC} = {4CC34676-B801-487B-8F74-19854FA40C45}
		{E12C194B-4787-47A0-BAD8-AFA49A560AB2} = {F61BB3E3-8734-4940-AFCF-2B32A8B019F8}
	EndGlobalSection
	GlobalSection(ExtensibilityGlobals) = postSolution
		SolutionGuid = {1AAA26B7-B425-4859-BE87-F3D28386650C}
	EndGlobalSection
EndGlobal
